
Microsoft Visual Studio Solution File, Format Version 11.00
# Visual Studio 2010
Project("{8BC9CEB8-8B4A-11D0-8D11-00A0C91BC942}") = "proj2", "proj2\proj2.vcxproj", "{F00ECC45-EFB8-4121-85EC-78AFAEE5A3E1}"
EndProject
Global
	GlobalSection(SolutionConfigurationPlatforms) = preSolution
		Debug|Win32 = Debug|Win32
		Release|Win32 = Release|Win32
	EndGlobalSection
	GlobalSection(ProjectConfigurationPlatforms) = postSolution
		{F00ECC45-EFB8-4121-85EC-78AFAEE5A3E1}.Debug|Win32.ActiveCfg = Debug|Win32
		{F00ECC45-EFB8-4121-85EC-78AFAEE5A3E1}.Debug|Win32.Build.0 = Debug|Win32
		{F00ECC45-EFB8-4121-85EC-78AFAEE5A3E1}.Release|Win32.ActiveCfg = Release|Win32
		{F00ECC45-EFB8-4121-85EC-78AFAEE5A3E1}.Release|Win32.Build.0 = Release|Win32
	EndGlobalSection
	GlobalSection(SolutionProperties) = preSolution
		HideSolutionNode = FALSE
	EndGlobalSection
EndGlobal
